
Microsoft Visual Studio Solution File, Format Version 12.00
# Visual Studio Version 16
VisualStudioVersion = 16.0.30907.101
MinimumVisualStudioVersion = 10.0.40219.1
Project("{9A19103F-16F7-4668-BE54-9A1E7A4F7556}") = "Gnoss.Web.Login", "Gnoss.Web.Login\Gnoss.Web.Login.csproj", "{6C8B7709-CB11-4D1D-AB75-4437EC7E754A}"
EndProject
Project("{9A19103F-16F7-4668-BE54-9A1E7A4F7556}") = "Gnoss.Web.Login.Open", "Gnoss.Web.Login.Open\Gnoss.Web.Login.Open.csproj", "{B63C5145-821C-49A8-93D0-95390016DD1E}"
EndProject
Global
	GlobalSection(SolutionConfigurationPlatforms) = preSolution
		Debug|Any CPU = Debug|Any CPU
		Release|Any CPU = Release|Any CPU
	EndGlobalSection
	GlobalSection(ProjectConfigurationPlatforms) = postSolution
		{6C8B7709-CB11-4D1D-AB75-4437EC7E754A}.Debug|Any CPU.ActiveCfg = Debug|Any CPU
		{6C8B7709-CB11-4D1D-AB75-4437EC7E754A}.Debug|Any CPU.Build.0 = Debug|Any CPU
		{6C8B7709-CB11-4D1D-AB75-4437EC7E754A}.Release|Any CPU.ActiveCfg = Release|Any CPU
		{6C8B7709-CB11-4D1D-AB75-4437EC7E754A}.Release|Any CPU.Build.0 = Release|Any CPU
		{B63C5145-821C-49A8-93D0-95390016DD1E}.Debug|Any CPU.ActiveCfg = Debug|Any CPU
		{B63C5145-821C-49A8-93D0-95390016DD1E}.Debug|Any CPU.Build.0 = Debug|Any CPU
		{B63C5145-821C-49A8-93D0-95390016DD1E}.Release|Any CPU.ActiveCfg = Release|Any CPU
		{B63C5145-821C-49A8-93D0-95390016DD1E}.Release|Any CPU.Build.0 = Release|Any CPU
	EndGlobalSection
	GlobalSection(SolutionProperties) = preSolution
		HideSolutionNode = FALSE
	EndGlobalSection
	GlobalSection(ExtensibilityGlobals) = postSolution
		SolutionGuid = {0F92929F-1DDC-4892-AC88-A5296327E67C}
	EndGlobalSection
EndGlobal
