
Microsoft Visual Studio Solution File, Format Version 12.00
# Visual Studio Version 16
VisualStudioVersion = 16.0.31729.503
MinimumVisualStudioVersion = 10.0.40219.1
Project("{9A19103F-16F7-4668-BE54-9A1E7A4F7556}") = "Hercules.CommonsEDMA.Load", "Hercules.CommonsEDMA.Load\Hercules.CommonsEDMA.Load.csproj", "{870930A6-F8F2-4CED-AD28-6E7AB8A044D6}"
EndProject
Project("{9A19103F-16F7-4668-BE54-9A1E7A4F7556}") = "hercules", "ClasesGeneradas\hercules.csproj", "{D29C5DA1-7D16-4058-A07A-6BC21D0EAD03}"
EndProject
Global
	GlobalSection(SolutionConfigurationPlatforms) = preSolution
		Debug|Any CPU = Debug|Any CPU
		Release|Any CPU = Release|Any CPU
	EndGlobalSection
	GlobalSection(ProjectConfigurationPlatforms) = postSolution
		{870930A6-F8F2-4CED-AD28-6E7AB8A044D6}.Debug|Any CPU.ActiveCfg = Debug|Any CPU
		{870930A6-F8F2-4CED-AD28-6E7AB8A044D6}.Debug|Any CPU.Build.0 = Debug|Any CPU
		{870930A6-F8F2-4CED-AD28-6E7AB8A044D6}.Release|Any CPU.ActiveCfg = Release|Any CPU
		{870930A6-F8F2-4CED-AD28-6E7AB8A044D6}.Release|Any CPU.Build.0 = Release|Any CPU
		{D29C5DA1-7D16-4058-A07A-6BC21D0EAD03}.Debug|Any CPU.ActiveCfg = Debug|Any CPU
		{D29C5DA1-7D16-4058-A07A-6BC21D0EAD03}.Debug|Any CPU.Build.0 = Debug|Any CPU
		{D29C5DA1-7D16-4058-A07A-6BC21D0EAD03}.Release|Any CPU.ActiveCfg = Release|Any CPU
		{D29C5DA1-7D16-4058-A07A-6BC21D0EAD03}.Release|Any CPU.Build.0 = Release|Any CPU
	EndGlobalSection
	GlobalSection(SolutionProperties) = preSolution
		HideSolutionNode = FALSE
	EndGlobalSection
	GlobalSection(ExtensibilityGlobals) = postSolution
		SolutionGuid = {6E2E0359-52E2-49F1-90BE-3C871C43A699}
	EndGlobalSection
EndGlobal
